
Microsoft Visual Studio Solution File, Format Version 12.00
# Visual Studio Version 17
VisualStudioVersion = 17.4.33213.308
MinimumVisualStudioVersion = 10.0.40219.1
Project("{FAE04EC0-301F-11D3-BF4B-00C04F79EFBC}") = "InfoShare.Rest.FlightBook.API", "InfoShare.Rest.FlightBook.API\InfoShare.Rest.FlightBook.API.csproj", "{C4A217FC-A1D2-4233-8D9E-7281994C37D3}"
EndProject
Global
	GlobalSection(SolutionConfigurationPlatforms) = preSolution
		Debug|Any CPU = Debug|Any CPU
		Release|Any CPU = Release|Any CPU
	EndGlobalSection
	GlobalSection(ProjectConfigurationPlatforms) = postSolution
		{C4A217FC-A1D2-4233-8D9E-7281994C37D3}.Debug|Any CPU.ActiveCfg = Debug|Any CPU
		{C4A217FC-A1D2-4233-8D9E-7281994C37D3}.Debug|Any CPU.Build.0 = Debug|Any CPU
		{C4A217FC-A1D2-4233-8D9E-7281994C37D3}.Release|Any CPU.ActiveCfg = Release|Any CPU
		{C4A217FC-A1D2-4233-8D9E-7281994C37D3}.Release|Any CPU.Build.0 = Release|Any CPU
	EndGlobalSection
	GlobalSection(SolutionProperties) = preSolution
		HideSolutionNode = FALSE
	EndGlobalSection
	GlobalSection(ExtensibilityGlobals) = postSolution
		SolutionGuid = {7B690602-8A80-480D-83A0-F86CD87385C1}
	EndGlobalSection
EndGlobal
